
Microsoft Visual Studio Solution File, Format Version 12.00
# Visual Studio 2013
VisualStudioVersion = 12.0.31101.0
MinimumVisualStudioVersion = 10.0.40219.1
Project("{FAE04EC0-301F-11D3-BF4B-00C04F79EFBC}") = "HASTest", "HASTest\HASTest.csproj", "{6FC0064B-2922-4403-8000-607A30B00077}"
EndProject
Project("{2150E333-8FDC-42A3-9474-1A3956D46DE8}") = "PublishScripts", "PublishScripts", "{B3729256-5110-4D98-8B18-E7750AD88097}"
	ProjectSection(SolutionItems) = preProject
		PublishScripts\AzureWebsitePublishModule.psm1 = PublishScripts\AzureWebsitePublishModule.psm1
		PublishScripts\Publish-WebApplicationWebsite.ps1 = PublishScripts\Publish-WebApplicationWebsite.ps1
	EndProjectSection
EndProject
Project("{2150E333-8FDC-42A3-9474-1A3956D46DE8}") = "Configurations", "Configurations", "{5B2C4240-90EE-4FD2-BC75-4394F6FB7013}"
	ProjectSection(SolutionItems) = preProject
		PublishScripts\Configurations\HASTest-WAWS-dev.json = PublishScripts\Configurations\HASTest-WAWS-dev.json
	EndProjectSection
EndProject
Global
	GlobalSection(SolutionConfigurationPlatforms) = preSolution
		Debug|Any CPU = Debug|Any CPU
		Release|Any CPU = Release|Any CPU
	EndGlobalSection
	GlobalSection(ProjectConfigurationPlatforms) = postSolution
		{6FC0064B-2922-4403-8000-607A30B00077}.Debug|Any CPU.ActiveCfg = Debug|Any CPU
		{6FC0064B-2922-4403-8000-607A30B00077}.Debug|Any CPU.Build.0 = Debug|Any CPU
		{6FC0064B-2922-4403-8000-607A30B00077}.Release|Any CPU.ActiveCfg = Release|Any CPU
		{6FC0064B-2922-4403-8000-607A30B00077}.Release|Any CPU.Build.0 = Release|Any CPU
	EndGlobalSection
	GlobalSection(SolutionProperties) = preSolution
		HideSolutionNode = FALSE
	EndGlobalSection
	GlobalSection(NestedProjects) = preSolution
		{5B2C4240-90EE-4FD2-BC75-4394F6FB7013} = {B3729256-5110-4D98-8B18-E7750AD88097}
	EndGlobalSection
EndGlobal
